<?xml version="1.0" encoding="utf-8"?>
<Project ToolsVersion="4.0" xmlns="http://schemas.microsoft.com/developer/msbuild/2003">
  <ItemGroup>
    <Filter Include="src">
      <UniqueIdentifier>{8a7c2748-71b2-4bff-93b6-617706b407cc}</UniqueIdentifier>
    </Filter>
    <Filter Include="include">
      <UniqueIdentifier>{95a3f235-d310-4a54-9b5f-8bfa0dd38491}</UniqueIdentifier>
    </Filter>
  </ItemGroup>
  <ItemGroup>
    <ClCompile Include="..\..\src\TestImages.cpp">
      <Filter>src</Filter>
    </ClCompile>
  </ItemGroup>
  <ItemGroup>
    <ClInclude Include="..\..\include\OT_Approx_L2.h">
      <Filter>include</Filter>
    </ClInclude>
    <ClInclude Include="..\..\include\OT_BasicTypes.h">
      <Filter>include</Filter>
    </ClInclude>
    <ClInclude Include="..\..\include\OT_Solver_L1_1.h">
      <Filter>include</Filter>
    </ClInclude>
    <ClInclude Include="..\..\include\OT_Apx_L2_1.h">
      <Filter>include</Filter>
    </ClInclude>
  </ItemGroup>
</Project>